
Microsoft Visual Studio Solution File, Format Version 12.00
# Visual Studio Version 17
VisualStudioVersion = 17.11.35312.102
MinimumVisualStudioVersion = 10.0.40219.1
Project("{FAE04EC0-301F-11D3-BF4B-00C04F79EFBC}") = "ShiftsWebApi", "ShiftsWebApi\ShiftsWebApi.csproj", "{1B5BDC1A-558E-4E40-A31B-26AAFDFE7C0D}"
EndProject
Global
	GlobalSection(SolutionConfigurationPlatforms) = preSolution
		Debug|Any CPU = Debug|Any CPU
		Release|Any CPU = Release|Any CPU
	EndGlobalSection
	GlobalSection(ProjectConfigurationPlatforms) = postSolution
		{1B5BDC1A-558E-4E40-A31B-26AAFDFE7C0D}.Debug|Any CPU.ActiveCfg = Debug|Any CPU
		{1B5BDC1A-558E-4E40-A31B-26AAFDFE7C0D}.Debug|Any CPU.Build.0 = Debug|Any CPU
		{1B5BDC1A-558E-4E40-A31B-26AAFDFE7C0D}.Release|Any CPU.ActiveCfg = Release|Any CPU
		{1B5BDC1A-558E-4E40-A31B-26AAFDFE7C0D}.Release|Any CPU.Build.0 = Release|Any CPU
	EndGlobalSection
	GlobalSection(SolutionProperties) = preSolution
		HideSolutionNode = FALSE
	EndGlobalSection
	GlobalSection(ExtensibilityGlobals) = postSolution
		SolutionGuid = {E99E2F89-1BB6-4325-B0EA-1F777F91694C}
	EndGlobalSection
EndGlobal
